// !$*UTF8*$!
{
	archiveVersion = 1;
	classes = {
	};
	objectVersion = 46;
	objects = {

/* Begin PBXBuildFile section */
		C2FFA4ED1BC3A551004B69B0 /* main.m in Sources */ = {isa = PBXBuildFile; fileRef = C2FFA4EC1BC3A551004B69B0 /* main.m */; };
		C2FFA4F01BC3A551004B69B0 /* AppDelegate.m in Sources */ = {isa = PBXBuildFile; fileRef = C2FFA4EF1BC3A551004B69B0 /* AppDelegate.m */; };
		C2FFA4F21BC3A551004B69B0 /* Images.xcassets in Resources */ = {isa = PBXBuildFile; fileRef = C2FFA4F11BC3A551004B69B0 /* Images.xcassets */; };
		C2FFA4F51BC3A551004B69B0 /* LaunchScreen.xib in Resources */ = {isa = PBXBuildFile; fileRef = C2FFA4F31BC3A551004B69B0 /* LaunchScreen.xib */; };
		C2FFA5011BC3A552004B69B0 /* pro_FMTests.m in Sources */ = {isa = PBXBuildFile; fileRef = C2FFA5001BC3A552004B69B0 /* pro_FMTests.m */; };
/* End PBXBuildFile section */

/* Begin PBXContainerItemProxy section */
		C2FFA4FB1BC3A551004B69B0 /* PBXContainerItemProxy */ = {
			isa = PBXContainerItemProxy;
			containerPortal = C2FFA4DF1BC3A551004B69B0 /* Project object */;
			proxyType = 1;
			remoteGlobalIDString = C2FFA4E61BC3A551004B69B0;
			remoteInfo = pro_FM;
		};
/* End PBXContainerItemProxy section */

/* Begin PBXFileReference section */
		C2FFA4E71BC3A551004B69B0 /* pro_FM.app */ = {isa = PBXFileReference; explicitFileType = wrapper.application; includeInIndex = 0; path = pro_FM.app; sourceTree = BUILT_PRODUCTS_DIR; };
		C2FFA4EB1BC3A551004B69B0 /* Info.plist */ = {isa = PBXFileReference; lastKnownFileType = text.plist.xml; path = Info.plist; sourceTree = "<group>"; };
		C2FFA4EC1BC3A551004B69B0 /* main.m */ = {isa = PBXFileReference; lastKnownFileType = sourcecode.c.objc; path = main.m; sourceTree = "<group>"; };
		C2FFA4EE1BC3A551004B69B0 /* AppDelegate.h */ = {isa = PBXFileReference; lastKnownFileType = sourcecode.c.h; path = AppDelegate.h; sourceTree = "<group>"; };
		C2FFA4EF1BC3A551004B69B0 /* AppDelegate.m */ = {isa = PBXFileReference; lastKnownFileType = sourcecode.c.objc; path = AppDelegate.m; sourceTree = "<group>"; };
		C2FFA4F11BC3A551004B69B0 /* Images.xcassets */ = {isa = PBXFileReference; lastKnownFileType = folder.assetcatalog; path = Images.xcassets; sourceTree = "<group>"; };
		C2FFA4F41BC3A551004B69B0 /* Base */ = {isa = PBXFileReference; lastKnownFileType = file.xib; name = Base; path = Base.lproj/LaunchScreen.xib; sourceTree = "<group>"; };
		C2FFA4FA1BC3A551004B69B0 /* pro_FMTests.xctest */ = {isa = PBXFileReference; explicitFileType = wrapper.cfbundle; includeInIndex = 0; path = pro_FMTests.xctest; sourceTree = BUILT_PRODUCTS_DIR; };
		C2FFA4FF1BC3A552004B69B0 /* Info.plist */ = {isa = PBXFileReference; lastKnownFileType = text.plist.xml; path = Info.plist; sourceTree = "<group>"; };
		C2FFA5001BC3A552004B69B0 /* pro_FMTests.m */ = {isa = PBXFileReference; lastKnownFileType = sourcecode.c.objc; path = pro_FMTests.m; sourceTree = "<group>"; };
/* End PBXFileReference section */

/* Begin PBXFrameworksBuildPhase section */
		C2FFA4E41BC3A551004B69B0 /* Frameworks */ = {
			isa = PBXFrameworksBuildPhase;
			buildActionMask = 2147483647;
			files = (
			);
			runOnlyForDeploymentPostprocessing = 0;
		};
		C2FFA4F71BC3A551004B69B0 /* Frameworks */ = {
			isa = PBXFrameworksBuildPhase;
			buildActionMask = 2147483647;
			files = (
			);
			runOnlyForDeploymentPostprocessing = 0;
		};
/* End PBXFrameworksBuildPhase section */

/* Begin PBXGroup section */
		C2FFA4DE1BC3A551004B69B0 = {
			isa = PBXGroup;
			children = (
				C2FFA4E91BC3A551004B69B0 /* pro_FM */,
				C2FFA4FD1BC3A551004B69B0 /* pro_FMTests */,
				C2FFA4E81BC3A551004B69B0 /* Products */,
			);
			sourceTree = "<group>";
		};
		C2FFA4E81BC3A551004B69B0 /* Products */ = {
			isa = PBXGroup;
			children = (
				C2FFA4E71BC3A551004B69B0 /* pro_FM.app */,
				C2FFA4FA1BC3A551004B69B0 /* pro_FMTests.xctest */,
			);
			name = Products;
			sourceTree = "<group>";
		};
		C2FFA4E91BC3A551004B69B0 /* pro_FM */ = {
			isa = PBXGroup;
			children = (
				C2FFA4EE1BC3A551004B69B0 /* AppDelegate.h */,
				C2FFA4EF1BC3A551004B69B0 /* AppDelegate.m */,
				C2FFA4F11BC3A551004B69B0 /* Images.xcassets */,
				C2FFA4F31BC3A551004B69B0 /* LaunchScreen.xib */,
				C2FFA4EA1BC3A551004B69B0 /* Supporting Files */,
			);
			path = pro_FM;
			sourceTree = "<group>";
		};
		C2FFA4EA1BC3A551004B69B0 /* Supporting Files */ = {
			isa = PBXGroup;
			children = (
				C2FFA4EB1BC3A551004B69B0 /* Info.plist */,
				C2FFA4EC1BC3A551004B69B0 /* main.m */,
			);
			name = "Supporting Files";
			sourceTree = "<group>";
		};
		C2FFA4FD1BC3A551004B69B0 /* pro_FMTests */ = {
			isa = PBXGroup;
			children = (
				C2FFA5001BC3A552004B69B0 /* pro_FMTests.m */,
				C2FFA4FE1BC3A552004B69B0 /* Supporting Files */,
			);
			path = pro_FMTests;
			sourceTree = "<group>";
		};
		C2FFA4FE1BC3A552004B69B0 /* Supporting Files */ = {
			isa = PBXGroup;
			children = (
				C2FFA4FF1BC3A552004B69B0 /* Info.plist */,
			);
			name = "Supporting Files";
			sourceTree = "<group>";
		};
/* End PBXGroup section */

/* Begin PBXNativeTarget section */
		C2FFA4E61BC3A551004B69B0 /* pro_FM */ = {
			isa = PBXNativeTarget;
			buildConfigurationList = C2FFA5041BC3A552004B69B0 /* Build configuration list for PBXNativeTarget "pro_FM" */;
			buildPhases = (
				C2FFA4E31BC3A551004B69B0 /* Sources */,
				C2FFA4E41BC3A551004B69B0 /* Frameworks */,
				C2FFA4E51BC3A551004B69B0 /* Resources */,
			);
			buildRules = (
			);
			dependencies = (
			);
			name = pro_FM;
			productName = pro_FM;
			productReference = C2FFA4E71BC3A551004B69B0 /* pro_FM.app */;
			productType = "com.apple.product-type.application";
		};
		C2FFA4F91BC3A551004B69B0 /* pro_FMTests */ = {
			isa = PBXNativeTarget;
			buildConfigurationList = C2FFA5071BC3A552004B69B0 /* Build configuration list for PBXNativeTarget "pro_FMTests" */;
			buildPhases = (
				C2FFA4F61BC3A551004B69B0 /* Sources */,
				C2FFA4F71BC3A551004B69B0 /* Frameworks */,
				C2FFA4F81BC3A551004B69B0 /* Resources */,
			);
			buildRules = (
			);
			dependencies = (
				C2FFA4FC1BC3A551004B69B0 /* PBXTargetDependency */,
			);
			name = pro_FMTests;
			productName = pro_FMTests;
			productReference = C2FFA4FA1BC3A551004B69B0 /* pro_FMTests.xctest */;
			productType = "com.apple.product-type.bundle.unit-test";
		};
/* End PBXNativeTarget section */

/* Begin PBXProject section */
		C2FFA4DF1BC3A551004B69B0 /* Project object */ = {
			isa = PBXProject;
			attributes = {
				LastUpgradeCheck = 0640;
				ORGANIZATIONNAME = YT;
				TargetAttributes = {
					C2FFA4E61BC3A551004B69B0 = {
						CreatedOnToolsVersion = 6.4;
					};
					C2FFA4F91BC3A551004B69B0 = {
						CreatedOnToolsVersion = 6.4;
						TestTargetID = C2FFA4E61BC3A551004B69B0;
					};
				};
			};
			buildConfigurationList = C2FFA4E21BC3A551004B69B0 /* Build configuration list for PBXProject "pro_FM" */;
			compatibilityVersion = "Xcode 3.2";
			developmentRegion = English;
			hasScannedForEncodings = 0;
			knownRegions = (
				en,
				Base,
			);
			mainGroup = C2FFA4DE1BC3A551004B69B0;
			productRefGroup = C2FFA4E81BC3A551004B69B0 /* Products */;
			projectDirPath = "";
			projectRoot = "";
			targets = (
				C2FFA4E61BC3A551004B69B0 /* pro_FM */,
				C2FFA4F91BC3A551004B69B0 /* pro_FMTests */,
			);
		};
/* End PBXProject section */

/* Begin PBXResourcesBuildPhase section */
		C2FFA4E51BC3A551004B69B0 /* Resources */ = {
			isa = PBXResourcesBuildPhase;
			buildActionMask = 2147483647;
			files = (
				C2FFA4F51BC3A551004B69B0 /* LaunchScreen.xib in Resources */,
				C2FFA4F21BC3A551004B69B0 /* Images.xcassets in Resources */,
			);
			runOnlyForDeploymentPostprocessing = 0;
		};
		C2FFA4F81BC3A551004B69B0 /* Resources */ = {
			isa = PBXResourcesBuildPhase;
			buildActionMask = 2147483647;
			files = (
			);
			runOnlyForDeploymentPostprocessing = 0;
		};
/* End PBXResourcesBuildPhase section */

/* Begin PBXSourcesBuildPhase section */
		C2FFA4E31BC3A551004B69B0 /* Sources */ = {
			isa = PBXSourcesBuildPhase;
			buildActionMask = 2147483647;
			files = (
				C2FFA4F01BC3A551004B69B0 /* AppDelegate.m in Sources */,
				C2FFA4ED1BC3A551004B69B0 /* main.m in Sources */,
			);
			runOnlyForDeploymentPostprocessing = 0;
		};
		C2FFA4F61BC3A551004B69B0 /* Sources */ = {
			isa = PBXSourcesBuildPhase;
			buildActionMask = 2147483647;
			files = (
				C2FFA5011BC3A552004B69B0 /* pro_FMTests.m in Sources */,
			);
			runOnlyForDeploymentPostprocessing = 0;
		};
/* End PBXSourcesBuildPhase section */

/* Begin PBXTargetDependency section */
		C2FFA4FC1BC3A551004B69B0 /* PBXTargetDependency */ = {
			isa = PBXTargetDependency;
			target = C2FFA4E61BC3A551004B69B0 /* pro_FM */;
			targetProxy = C2FFA4FB1BC3A551004B69B0 /* PBXContainerItemProxy */;
		};
/* End PBXTargetDependency section */

/* Begin PBXVariantGroup section */
		C2FFA4F31BC3A551004B69B0 /* LaunchScreen.xib */ = {
			isa = PBXVariantGroup;
			children = (
				C2FFA4F41BC3A551004B69B0 /* Base */,
			);
			name = LaunchScreen.xib;
			sourceTree = "<group>";
		};
/* End PBXVariantGroup section */

/* Begin XCBuildConfiguration section */
		C2FFA5021BC3A552004B69B0 /* Debug */ = {
			isa = XCBuildConfiguration;
			buildSettings = {
				ALWAYS_SEARCH_USER_PATHS = NO;
				CLANG_CXX_LANGUAGE_STANDARD = "gnu++0x";
				CLANG_CXX_LIBRARY = "libc++";
				CLANG_ENABLE_MODULES = YES;
				CLANG_ENABLE_OBJC_ARC = YES;
				CLANG_WARN_BOOL_CONVERSION = YES;
				CLANG_WARN_CONSTANT_CONVERSION = YES;
				CLANG_WARN_DIRECT_OBJC_ISA_USAGE = YES_ERROR;
				CLANG_WARN_EMPTY_BODY = YES;
				CLANG_WARN_ENUM_CONVERSION = YES;
				CLANG_WARN_INT_CONVERSION = YES;
				CLANG_WARN_OBJC_ROOT_CLASS = YES_ERROR;
				CLANG_WARN_UNREACHABLE_CODE = YES;
				CLANG_WARN__DUPLICATE_METHOD_MATCH = YES;
				"CODE_SIGN_IDENTITY[sdk=iphoneos*]" = "iPhone Developer";
				COPY_PHASE_STRIP = NO;
				DEBUG_INFORMATION_FORMAT = "dwarf-with-dsym";
				ENABLE_STRICT_OBJC_MSGSEND = YES;
				GCC_C_LANGUAGE_STANDARD = gnu99;
				GCC_DYNAMIC_NO_PIC = NO;
				GCC_NO_COMMON_BLOCKS = YES;
				GCC_OPTIMIZATION_LEVEL = 0;
				GCC_PREPROCESSOR_DEFINITIONS = (
					"DEBUG=1",
					"$(inherited)",
				);
				GCC_SYMBOLS_PRIVATE_EXTERN = NO;
				GCC_WARN_64_TO_32_BIT_CONVERSION = YES;
				GCC_WARN_ABOUT_RETURN_TYPE = YES_ERROR;
				GCC_WARN_UNDECLARED_SELECTOR = YES;
				GCC_WARN_UNINITIALIZED_AUTOS = YES_AGGRESSIVE;
				GCC_WARN_UNUSED_FUNCTION = YES;
				GCC_WARN_UNUSED_VARIABLE = YES;
				IPHONEOS_DEPLOYMENT_TARGET = 8.4;
				MTL_ENABLE_DEBUG_INFO = YES;
				ONLY_ACTIVE_ARCH = YES;
				SDKROOT = iphoneos;
			};
			name = Debug;
		};
		C2FFA5031BC3A552004B69B0 /* Release */ = {
			isa = XCBuildConfiguration;
			buildSettings = {
				ALWAYS_SEARCH_USER_PATHS = NO;
				CLANG_CXX_LANGUAGE_STANDARD = "gnu++0x";
				CLANG_CXX_LIBRARY = "libc++";
				CLANG_ENABLE_MODULES = YES;
				CLANG_ENABLE_OBJC_ARC = YES;
				CLANG_WARN_BOOL_CONVERSION = YES;
				CLANG_WARN_CONSTANT_CONVERSION = YES;
				CLANG_WARN_DIRECT_OBJC_ISA_USAGE = YES_ERROR;
				CLANG_WARN_EMPTY_BODY = YES;
				CLANG_WARN_ENUM_CONVERSION = YES;
				CLANG_WARN_INT_CONVERSION = YES;
				CLANG_WARN_OBJC_ROOT_CLASS = YES_ERROR;
				CLANG_WARN_UNREACHABLE_CODE = YES;
				CLANG_WARN__DUPLICATE_METHOD_MATCH = YES;
				"CODE_SIGN_IDENTITY[sdk=iphoneos*]" = "iPhone Developer";
				COPY_PHASE_STRIP = NO;
				DEBUG_INFORMATION_FORMAT = "dwarf-with-dsym";
				ENABLE_NS_ASSERTIONS = NO;
				ENABLE_STRICT_OBJC_MSGSEND = YES;
				GCC_C_LANGUAGE_STANDARD = gnu99;
				GCC_NO_COMMON_BLOCKS = YES;
				GCC_WARN_64_TO_32_BIT_CONVERSION = YES;
				GCC_WARN_ABOUT_RETURN_TYPE = YES_ERROR;
				GCC_WARN_UNDECLARED_SELECTOR = YES;
				GCC_WARN_UNINITIALIZED_AUTOS = YES_AGGRESSIVE;
				GCC_WARN_UNUSED_FUNCTION = YES;
				GCC_WARN_UNUSED_VARIABLE = YES;
				IPHONEOS_DEPLOYMENT_TARGET = 8.4;
				MTL_ENABLE_DEBUG_INFO = NO;
				SDKROOT = iphoneos;
				VALIDATE_PRODUCT = YES;
			};
			name = Release;
		};
		C2FFA5051BC3A552004B69B0 /* Debug */ = {
			isa = XCBuildConfiguration;
			buildSettings = {
				ASSETCATALOG_COMPILER_APPICON_NAME = AppIcon;
				INFOPLIST_FILE = pro_FM/Info.plist;
				LD_RUNPATH_SEARCH_PATHS = "$(inherited) @executable_path/Frameworks";
				PRODUCT_NAME = "$(TARGET_NAME)";
			};
			name = Debug;
		};
		C2FFA5061BC3A552004B69B0 /* Release */ = {
			isa = XCBuildConfiguration;
			buildSettings = {
				ASSETCATALOG_COMPILER_APPICON_NAME = AppIcon;
				INFOPLIST_FILE = pro_FM/Info.plist;
				LD_RUNPATH_SEARCH_PATHS = "$(inherited) @executable_path/Frameworks";
				PRODUCT_NAME = "$(TARGET_NAME)";
			};
			name = Release;
		};
		C2FFA5081BC3A552004B69B0 /* Debug */ = {
			isa = XCBuildConfiguration;
			buildSettings = {
				BUNDLE_LOADER = "$(TEST_HOST)";
				FRAMEWORK_SEARCH_PATHS = (
					"$(SDKROOT)/Developer/Library/Frameworks",
					"$(inherited)",
				);
				GCC_PREPROCESSOR_DEFINITIONS = (
					"DEBUG=1",
					"$(inherited)",
				);
				INFOPLIST_FILE = pro_FMTests/Info.plist;
				LD_RUNPATH_SEARCH_PATHS = "$(inherited) @executable_path/Frameworks @loader_path/Frameworks";
				PRODUCT_NAME = "$(TARGET_NAME)";
				TEST_HOST = "$(BUILT_PRODUCTS_DIR)/pro_FM.app/pro_FM";
			};
			name = Debug;
		};
		C2FFA5091BC3A552004B69B0 /* Release */ = {
			isa = XCBuildConfiguration;
			buildSettings = {
				BUNDLE_LOADER = "$(TEST_HOST)";
				FRAMEWORK_SEARCH_PATHS = (
					"$(SDKROOT)/Developer/Library/Frameworks",
					"$(inherited)",
				);
				INFOPLIST_FILE = pro_FMTests/Info.plist;
				LD_RUNPATH_SEARCH_PATHS = "$(inherited) @executable_path/Frameworks @loader_path/Frameworks";
				PRODUCT_NAME = "$(TARGET_NAME)";
				TEST_HOST = "$(BUILT_PRODUCTS_DIR)/pro_FM.app/pro_FM";
			};
			name = Release;
		};
/* End XCBuildConfiguration section */

/* Begin XCConfigurationList section */
		C2FFA4E21BC3A551004B69B0 /* Build configuration list for PBXProject "pro_FM" */ = {
			isa = XCConfigurationList;
			buildConfigurations = (
				C2FFA5021BC3A552004B69B0 /* Debug */,
				C2FFA5031BC3A552004B69B0 /* Release */,
			);
			defaultConfigurationIsVisible = 0;
			defaultConfigurationName = Release;
		};
		C2FFA5041BC3A552004B69B0 /* Build configuration list for PBXNativeTarget "pro_FM" */ = {
			isa = XCConfigurationList;
			buildConfigurations = (
				C2FFA5051BC3A552004B69B0 /* Debug */,
				C2FFA5061BC3A552004B69B0 /* Release */,
			);
			defaultConfigurationIsVisible = 0;
		};
		C2FFA5071BC3A552004B69B0 /* Build configuration list for PBXNativeTarget "pro_FMTests" */ = {
			isa = XCConfigurationList;
			buildConfigurations = (
				C2FFA5081BC3A552004B69B0 /* Debug */,
				C2FFA5091BC3A552004B69B0 /* Release */,
			);
			defaultConfigurationIsVisible = 0;
		};
/* End XCConfigurationList section */
	};
	rootObject = C2FFA4DF1BC3A551004B69B0 /* Project object */;
}
